
Microsoft Visual Studio Solution File, Format Version 12.00
# Visual Studio Version 16
VisualStudioVersion = 16.0.31112.23
MinimumVisualStudioVersion = 10.0.40219.1
Project("{FAE04EC0-301F-11D3-BF4B-00C04F79EFBC}") = "WindowsFormsApp5", "WindowsFormsApp5.csproj", "{2960B65B-94B9-4CEC-9EED-75ABA0D0FDF0}"
EndProject
Global
	GlobalSection(SolutionConfigurationPlatforms) = preSolution
		Debug|Any CPU = Debug|Any CPU
		Release|Any CPU = Release|Any CPU
	EndGlobalSection
	GlobalSection(ProjectConfigurationPlatforms) = postSolution
		{2960B65B-94B9-4CEC-9EED-75ABA0D0FDF0}.Debug|Any CPU.ActiveCfg = Debug|Any CPU
		{2960B65B-94B9-4CEC-9EED-75ABA0D0FDF0}.Debug|Any CPU.Build.0 = Debug|Any CPU
		{2960B65B-94B9-4CEC-9EED-75ABA0D0FDF0}.Release|Any CPU.ActiveCfg = Release|Any CPU
		{2960B65B-94B9-4CEC-9EED-75ABA0D0FDF0}.Release|Any CPU.Build.0 = Release|Any CPU
	EndGlobalSection
	GlobalSection(SolutionProperties) = preSolution
		HideSolutionNode = FALSE
	EndGlobalSection
	GlobalSection(ExtensibilityGlobals) = postSolution
		SolutionGuid = {DFE327ED-5250-4D06-B14B-FBA965D657D4}
	EndGlobalSection
EndGlobal
